
Microsoft Visual Studio Solution File, Format Version 12.00
# Visual Studio 14
VisualStudioVersion = 14.0.25123.0
MinimumVisualStudioVersion = 10.0.40219.1
Project("{E87589C8-2AE5-48E4-8CBA-2E277C21DC84}") = "Sitecore.Support.225392", "Sitecore.Support.225392\Sitecore.Support.225392.csproj", "{06785A37-09E5-4EA5-BE37-4D849E40E1CC}"
EndProject
Global
	GlobalSection(SolutionConfigurationPlatforms) = preSolution
		Debug|Any CPU = Debug|Any CPU
		Release|Any CPU = Release|Any CPU
	EndGlobalSection
	GlobalSection(ProjectConfigurationPlatforms) = postSolution
		{06785A37-09E5-4EA5-BE37-4D849E40E1CC}.Debug|Any CPU.ActiveCfg = Debug|Any CPU
		{06785A37-09E5-4EA5-BE37-4D849E40E1CC}.Debug|Any CPU.Build.0 = Debug|Any CPU
		{06785A37-09E5-4EA5-BE37-4D849E40E1CC}.Release|Any CPU.ActiveCfg = Release|Any CPU
		{06785A37-09E5-4EA5-BE37-4D849E40E1CC}.Release|Any CPU.Build.0 = Release|Any CPU
	EndGlobalSection
	GlobalSection(SolutionProperties) = preSolution
		HideSolutionNode = FALSE
	EndGlobalSection
EndGlobal
